
Microsoft Visual Studio Solution File, Format Version 12.00
# Visual Studio Version 17
VisualStudioVersion = 17.3.32929.385
MinimumVisualStudioVersion = 10.0.40219.1
Project("{9A19103F-16F7-4668-BE54-9A1E7A4F7556}") = "YazGel", "YazGel.csproj", "{7C12BB75-E67C-4A85-A935-8E318168AE36}"
EndProject
Global
	GlobalSection(SolutionConfigurationPlatforms) = preSolution
		Debug|Any CPU = Debug|Any CPU
		Release|Any CPU = Release|Any CPU
	EndGlobalSection
	GlobalSection(ProjectConfigurationPlatforms) = postSolution
		{7C12BB75-E67C-4A85-A935-8E318168AE36}.Debug|Any CPU.ActiveCfg = Debug|Any CPU
		{7C12BB75-E67C-4A85-A935-8E318168AE36}.Debug|Any CPU.Build.0 = Debug|Any CPU
		{7C12BB75-E67C-4A85-A935-8E318168AE36}.Release|Any CPU.ActiveCfg = Release|Any CPU
		{7C12BB75-E67C-4A85-A935-8E318168AE36}.Release|Any CPU.Build.0 = Release|Any CPU
	EndGlobalSection
	GlobalSection(SolutionProperties) = preSolution
		HideSolutionNode = FALSE
	EndGlobalSection
	GlobalSection(ExtensibilityGlobals) = postSolution
		SolutionGuid = {410AF9FE-22FD-4FD0-8DBF-CCF6D07B9541}
	EndGlobalSection
EndGlobal
